// !$*UTF8*$!
{
	archiveVersion = 1;
	classes = {
	};
	objectVersion = 50;
	objects = {

/* Begin PBXBuildFile section */
		025BF4324CCA795494C7872D /* libPods-FirebaseLogin-FirebaseLoginUITests.a in Frameworks */ = {isa = PBXBuildFile; fileRef = BFC535AE26BBEC24CA0828AE /* libPods-FirebaseLogin-FirebaseLoginUITests.a */; };
		07571A57224118DD285D1FCF /* libPods-FirebaseLoginTests.a in Frameworks */ = {isa = PBXBuildFile; fileRef = A0C520F6ADF3649B1FFCF593 /* libPods-FirebaseLoginTests.a */; };
		6B06F77023EBFB4500F5B17E /* AlertController.swift in Sources */ = {isa = PBXBuildFile; fileRef = 6B06F76F23EBFB4500F5B17E /* AlertController.swift */; };
		6B18F62923EBCE210059D721 /* AppDelegate.swift in Sources */ = {isa = PBXBuildFile; fileRef = 6B18F62823EBCE210059D721 /* AppDelegate.swift */; };
		6B18F62B23EBCE210059D721 /* SceneDelegate.swift in Sources */ = {isa = PBXBuildFile; fileRef = 6B18F62A23EBCE210059D721 /* SceneDelegate.swift */; };
		6B18F63023EBCE210059D721 /* Main.storyboard in Resources */ = {isa = PBXBuildFile; fileRef = 6B18F62E23EBCE210059D721 /* Main.storyboard */; };
		6B18F63223EBCE230059D721 /* Assets.xcassets in Resources */ = {isa = PBXBuildFile; fileRef = 6B18F63123EBCE230059D721 /* Assets.xcassets */; };
		6B18F63523EBCE230059D721 /* LaunchScreen.storyboard in Resources */ = {isa = PBXBuildFile; fileRef = 6B18F63323EBCE230059D721 /* LaunchScreen.storyboard */; };
		6B18F64023EBCE230059D721 /* FirebaseLoginTests.swift in Sources */ = {isa = PBXBuildFile; fileRef = 6B18F63F23EBCE230059D721 /* FirebaseLoginTests.swift */; };
		6B18F64B23EBCE230059D721 /* FirebaseLoginUITests.swift in Sources */ = {isa = PBXBuildFile; fileRef = 6B18F64A23EBCE230059D721 /* FirebaseLoginUITests.swift */; };
		6B18F65C23EBCF0C0059D721 /* SignOutViewController.swift in Sources */ = {isa = PBXBuildFile; fileRef = 6B18F65B23EBCF0C0059D721 /* SignOutViewController.swift */; };
		6B18F65E23EBE58B0059D721 /* SignInViewController.swift in Sources */ = {isa = PBXBuildFile; fileRef = 6B18F65D23EBE58B0059D721 /* SignInViewController.swift */; };
		6B18F66023EBE5AC0059D721 /* SignUpViewController.swift in Sources */ = {isa = PBXBuildFile; fileRef = 6B18F65F23EBE5AC0059D721 /* SignUpViewController.swift */; };
		6B18F66223EBE85A0059D721 /* GoogleService-Info.plist in Resources */ = {isa = PBXBuildFile; fileRef = 6B18F66123EBE85A0059D721 /* GoogleService-Info.plist */; };
		7DDDB0C35DBF3680624328FD /* libPods-FirebaseLogin.a in Frameworks */ = {isa = PBXBuildFile; fileRef = 0E750643A2615C32E2DF9291 /* libPods-FirebaseLogin.a */; };
/* End PBXBuildFile section */

/* Begin PBXContainerItemProxy section */
		6B18F63C23EBCE230059D721 /* PBXContainerItemProxy */ = {
			isa = PBXContainerItemProxy;
			containerPortal = 6B18F61D23EBCE210059D721 /* Project object */;
			proxyType = 1;
			remoteGlobalIDString = 6B18F62423EBCE210059D721;
			remoteInfo = FirebaseLogin;
		};
		6B18F64723EBCE230059D721 /* PBXContainerItemProxy */ = {
			isa = PBXContainerItemProxy;
			containerPortal = 6B18F61D23EBCE210059D721 /* Project object */;
			proxyType = 1;
			remoteGlobalIDString = 6B18F62423EBCE210059D721;
			remoteInfo = FirebaseLogin;
		};
/* End PBXContainerItemProxy section */

/* Begin PBXFileReference section */
		0E750643A2615C32E2DF9291 /* libPods-FirebaseLogin.a */ = {isa = PBXFileReference; explicitFileType = archive.ar; includeInIndex = 0; path = "libPods-FirebaseLogin.a"; sourceTree = BUILT_PRODUCTS_DIR; };
		28B151F65C42AADDCAC1ECF7 /* Pods-FirebaseLogin.debug.xcconfig */ = {isa = PBXFileReference; includeInIndex = 1; lastKnownFileType = text.xcconfig; name = "Pods-FirebaseLogin.debug.xcconfig"; path = "Target Support Files/Pods-FirebaseLogin/Pods-FirebaseLogin.debug.xcconfig"; sourceTree = "<group>"; };
		3227F994D1741140DE62898D /* Pods-FirebaseLogin-FirebaseLoginUITests.release.xcconfig */ = {isa = PBXFileReference; includeInIndex = 1; lastKnownFileType = text.xcconfig; name = "Pods-FirebaseLogin-FirebaseLoginUITests.release.xcconfig"; path = "Target Support Files/Pods-FirebaseLogin-FirebaseLoginUITests/Pods-FirebaseLogin-FirebaseLoginUITests.release.xcconfig"; sourceTree = "<group>"; };
		352F41488C28FFF32EDC391C /* Pods-FirebaseLogin.release.xcconfig */ = {isa = PBXFileReference; includeInIndex = 1; lastKnownFileType = text.xcconfig; name = "Pods-FirebaseLogin.release.xcconfig"; path = "Target Support Files/Pods-FirebaseLogin/Pods-FirebaseLogin.release.xcconfig"; sourceTree = "<group>"; };
		3E6E95429C719E820B03CFF2 /* Pods-FirebaseLogin-FirebaseLoginUITests.debug.xcconfig */ = {isa = PBXFileReference; includeInIndex = 1; lastKnownFileType = text.xcconfig; name = "Pods-FirebaseLogin-FirebaseLoginUITests.debug.xcconfig"; path = "Target Support Files/Pods-FirebaseLogin-FirebaseLoginUITests/Pods-FirebaseLogin-FirebaseLoginUITests.debug.xcconfig"; sourceTree = "<group>"; };
		4CFF8ED070D29D2BEAF8940D /* Pods-FirebaseLoginTests.release.xcconfig */ = {isa = PBXFileReference; includeInIndex = 1; lastKnownFileType = text.xcconfig; name = "Pods-FirebaseLoginTests.release.xcconfig"; path = "Target Support Files/Pods-FirebaseLoginTests/Pods-FirebaseLoginTests.release.xcconfig"; sourceTree = "<group>"; };
		6B06F76F23EBFB4500F5B17E /* AlertController.swift */ = {isa = PBXFileReference; lastKnownFileType = sourcecode.swift; path = AlertController.swift; sourceTree = "<group>"; };
		6B18F62523EBCE210059D721 /* FirebaseLogin.app */ = {isa = PBXFileReference; explicitFileType = wrapper.application; includeInIndex = 0; path = FirebaseLogin.app; sourceTree = BUILT_PRODUCTS_DIR; };
		6B18F62823EBCE210059D721 /* AppDelegate.swift */ = {isa = PBXFileReference; lastKnownFileType = sourcecode.swift; path = AppDelegate.swift; sourceTree = "<group>"; };
		6B18F62A23EBCE210059D721 /* SceneDelegate.swift */ = {isa = PBXFileReference; lastKnownFileType = sourcecode.swift; path = SceneDelegate.swift; sourceTree = "<group>"; };
		6B18F62F23EBCE210059D721 /* Base */ = {isa = PBXFileReference; lastKnownFileType = file.storyboard; name = Base; path = Base.lproj/Main.storyboard; sourceTree = "<group>"; };
		6B18F63123EBCE230059D721 /* Assets.xcassets */ = {isa = PBXFileReference; lastKnownFileType = folder.assetcatalog; path = Assets.xcassets; sourceTree = "<group>"; };
		6B18F63423EBCE230059D721 /* Base */ = {isa = PBXFileReference; lastKnownFileType = file.storyboard; name = Base; path = Base.lproj/LaunchScreen.storyboard; sourceTree = "<group>"; };
		6B18F63623EBCE230059D721 /* Info.plist */ = {isa = PBXFileReference; lastKnownFileType = text.plist.xml; path = Info.plist; sourceTree = "<group>"; };
		6B18F63B23EBCE230059D721 /* FirebaseLoginTests.xctest */ = {isa = PBXFileReference; explicitFileType = wrapper.cfbundle; includeInIndex = 0; path = FirebaseLoginTests.xctest; sourceTree = BUILT_PRODUCTS_DIR; };
		6B18F63F23EBCE230059D721 /* FirebaseLoginTests.swift */ = {isa = PBXFileReference; lastKnownFileType = sourcecode.swift; path = FirebaseLoginTests.swift; sourceTree = "<group>"; };
		6B18F64123EBCE230059D721 /* Info.plist */ = {isa = PBXFileReference; lastKnownFileType = text.plist.xml; path = Info.plist; sourceTree = "<group>"; };
		6B18F64623EBCE230059D721 /* FirebaseLoginUITests.xctest */ = {isa = PBXFileReference; explicitFileType = wrapper.cfbundle; includeInIndex = 0; path = FirebaseLoginUITests.xctest; sourceTree = BUILT_PRODUCTS_DIR; };
		6B18F64A23EBCE230059D721 /* FirebaseLoginUITests.swift */ = {isa = PBXFileReference; lastKnownFileType = sourcecode.swift; path = FirebaseLoginUITests.swift; sourceTree = "<group>"; };
		6B18F64C23EBCE230059D721 /* Info.plist */ = {isa = PBXFileReference; lastKnownFileType = text.plist.xml; path = Info.plist; sourceTree = "<group>"; };
		6B18F65B23EBCF0C0059D721 /* SignOutViewController.swift */ = {isa = PBXFileReference; lastKnownFileType = sourcecode.swift; path = SignOutViewController.swift; sourceTree = "<group>"; };
		6B18F65D23EBE58B0059D721 /* SignInViewController.swift */ = {isa = PBXFileReference; lastKnownFileType = sourcecode.swift; path = SignInViewController.swift; sourceTree = "<group>"; };
		6B18F65F23EBE5AC0059D721 /* SignUpViewController.swift */ = {isa = PBXFileReference; lastKnownFileType = sourcecode.swift; path = SignUpViewController.swift; sourceTree = "<group>"; };
		6B18F66123EBE85A0059D721 /* GoogleService-Info.plist */ = {isa = PBXFileReference; fileEncoding = 4; lastKnownFileType = text.plist.xml; name = "GoogleService-Info.plist"; path = "../../../../../Downloads/GoogleService-Info.plist"; sourceTree = "<group>"; };
		A0C520F6ADF3649B1FFCF593 /* libPods-FirebaseLoginTests.a */ = {isa = PBXFileReference; explicitFileType = archive.ar; includeInIndex = 0; path = "libPods-FirebaseLoginTests.a"; sourceTree = BUILT_PRODUCTS_DIR; };
		AA0117F262DC2BFAABE22806 /* Pods-FirebaseLoginTests.debug.xcconfig */ = {isa = PBXFileReference; includeInIndex = 1; lastKnownFileType = text.xcconfig; name = "Pods-FirebaseLoginTests.debug.xcconfig"; path = "Target Support Files/Pods-FirebaseLoginTests/Pods-FirebaseLoginTests.debug.xcconfig"; sourceTree = "<group>"; };
		BFC535AE26BBEC24CA0828AE /* libPods-FirebaseLogin-FirebaseLoginUITests.a */ = {isa = PBXFileReference; explicitFileType = archive.ar; includeInIndex = 0; path = "libPods-FirebaseLogin-FirebaseLoginUITests.a"; sourceTree = BUILT_PRODUCTS_DIR; };
/* End PBXFileReference section */

/* Begin PBXFrameworksBuildPhase section */
		6B18F62223EBCE210059D721 /* Frameworks */ = {
			isa = PBXFrameworksBuildPhase;
			buildActionMask = 2147483647;
			files = (
				7DDDB0C35DBF3680624328FD /* libPods-FirebaseLogin.a in Frameworks */,
			);
			runOnlyForDeploymentPostprocessing = 0;
		};
		6B18F63823EBCE230059D721 /* Frameworks */ = {
			isa = PBXFrameworksBuildPhase;
			buildActionMask = 2147483647;
			files = (
				07571A57224118DD285D1FCF /* libPods-FirebaseLoginTests.a in Frameworks */,
			);
			runOnlyForDeploymentPostprocessing = 0;
		};
		6B18F64323EBCE230059D721 /* Frameworks */ = {
			isa = PBXFrameworksBuildPhase;
			buildActionMask = 2147483647;
			files = (
				025BF4324CCA795494C7872D /* libPods-FirebaseLogin-FirebaseLoginUITests.a in Frameworks */,
			);
			runOnlyForDeploymentPostprocessing = 0;
		};
/* End PBXFrameworksBuildPhase section */

/* Begin PBXGroup section */
		6B18F61C23EBCE210059D721 = {
			isa = PBXGroup;
			children = (
				6B18F62723EBCE210059D721 /* FirebaseLogin */,
				6B18F63E23EBCE230059D721 /* FirebaseLoginTests */,
				6B18F64923EBCE230059D721 /* FirebaseLoginUITests */,
				6B18F62623EBCE210059D721 /* Products */,
				9264F90E2D0FB469429F31A3 /* Pods */,
				8C10F1E3847482B054D966AF /* Frameworks */,
			);
			sourceTree = "<group>";
		};
		6B18F62623EBCE210059D721 /* Products */ = {
			isa = PBXGroup;
			children = (
				6B18F62523EBCE210059D721 /* FirebaseLogin.app */,
				6B18F63B23EBCE230059D721 /* FirebaseLoginTests.xctest */,
				6B18F64623EBCE230059D721 /* FirebaseLoginUITests.xctest */,
			);
			name = Products;
			sourceTree = "<group>";
		};
		6B18F62723EBCE210059D721 /* FirebaseLogin */ = {
			isa = PBXGroup;
			children = (
				6B18F65A23EBCEDE0059D721 /* controller */,
				6B18F62E23EBCE210059D721 /* Main.storyboard */,
				6B18F63123EBCE230059D721 /* Assets.xcassets */,
				6B18F63323EBCE230059D721 /* LaunchScreen.storyboard */,
				6B18F63623EBCE230059D721 /* Info.plist */,
				6B18F62823EBCE210059D721 /* AppDelegate.swift */,
				6B18F62A23EBCE210059D721 /* SceneDelegate.swift */,
				6B18F66123EBE85A0059D721 /* GoogleService-Info.plist */,
			);
			path = FirebaseLogin;
			sourceTree = "<group>";
		};
		6B18F63E23EBCE230059D721 /* FirebaseLoginTests */ = {
			isa = PBXGroup;
			children = (
				6B18F63F23EBCE230059D721 /* FirebaseLoginTests.swift */,
				6B18F64123EBCE230059D721 /* Info.plist */,
			);
			path = FirebaseLoginTests;
			sourceTree = "<group>";
		};
		6B18F64923EBCE230059D721 /* FirebaseLoginUITests */ = {
			isa = PBXGroup;
			children = (
				6B18F64A23EBCE230059D721 /* FirebaseLoginUITests.swift */,
				6B18F64C23EBCE230059D721 /* Info.plist */,
			);
			path = FirebaseLoginUITests;
			sourceTree = "<group>";
		};
		6B18F65A23EBCEDE0059D721 /* controller */ = {
			isa = PBXGroup;
			children = (
				6B18F65B23EBCF0C0059D721 /* SignOutViewController.swift */,
				6B18F65D23EBE58B0059D721 /* SignInViewController.swift */,
				6B18F65F23EBE5AC0059D721 /* SignUpViewController.swift */,
				6B06F76F23EBFB4500F5B17E /* AlertController.swift */,
			);
			path = controller;
			sourceTree = "<group>";
		};
		8C10F1E3847482B054D966AF /* Frameworks */ = {
			isa = PBXGroup;
			children = (
				0E750643A2615C32E2DF9291 /* libPods-FirebaseLogin.a */,
				BFC535AE26BBEC24CA0828AE /* libPods-FirebaseLogin-FirebaseLoginUITests.a */,
				A0C520F6ADF3649B1FFCF593 /* libPods-FirebaseLoginTests.a */,
			);
			name = Frameworks;
			sourceTree = "<group>";
		};
		9264F90E2D0FB469429F31A3 /* Pods */ = {
			isa = PBXGroup;
			children = (
				28B151F65C42AADDCAC1ECF7 /* Pods-FirebaseLogin.debug.xcconfig */,
				352F41488C28FFF32EDC391C /* Pods-FirebaseLogin.release.xcconfig */,
				3E6E95429C719E820B03CFF2 /* Pods-FirebaseLogin-FirebaseLoginUITests.debug.xcconfig */,
				3227F994D1741140DE62898D /* Pods-FirebaseLogin-FirebaseLoginUITests.release.xcconfig */,
				AA0117F262DC2BFAABE22806 /* Pods-FirebaseLoginTests.debug.xcconfig */,
				4CFF8ED070D29D2BEAF8940D /* Pods-FirebaseLoginTests.release.xcconfig */,
			);
			path = Pods;
			sourceTree = "<group>";
		};
/* End PBXGroup section */

/* Begin PBXNativeTarget section */
		6B18F62423EBCE210059D721 /* FirebaseLogin */ = {
			isa = PBXNativeTarget;
			buildConfigurationList = 6B18F64F23EBCE230059D721 /* Build configuration list for PBXNativeTarget "FirebaseLogin" */;
			buildPhases = (
				1200C86FEE273EE6E353F62A /* [CP] Check Pods Manifest.lock */,
				6B18F62123EBCE210059D721 /* Sources */,
				6B18F62223EBCE210059D721 /* Frameworks */,
				6B18F62323EBCE210059D721 /* Resources */,
			);
			buildRules = (
			);
			dependencies = (
			);
			name = FirebaseLogin;
			productName = FirebaseLogin;
			productReference = 6B18F62523EBCE210059D721 /* FirebaseLogin.app */;
			productType = "com.apple.product-type.application";
		};
		6B18F63A23EBCE230059D721 /* FirebaseLoginTests */ = {
			isa = PBXNativeTarget;
			buildConfigurationList = 6B18F65223EBCE230059D721 /* Build configuration list for PBXNativeTarget "FirebaseLoginTests" */;
			buildPhases = (
				CAF73A10E7E940E4B447C97A /* [CP] Check Pods Manifest.lock */,
				6B18F63723EBCE230059D721 /* Sources */,
				6B18F63823EBCE230059D721 /* Frameworks */,
				6B18F63923EBCE230059D721 /* Resources */,
			);
			buildRules = (
			);
			dependencies = (
				6B18F63D23EBCE230059D721 /* PBXTargetDependency */,
			);
			name = FirebaseLoginTests;
			productName = FirebaseLoginTests;
			productReference = 6B18F63B23EBCE230059D721 /* FirebaseLoginTests.xctest */;
			productType = "com.apple.product-type.bundle.unit-test";
		};
		6B18F64523EBCE230059D721 /* FirebaseLoginUITests */ = {
			isa = PBXNativeTarget;
			buildConfigurationList = 6B18F65523EBCE230059D721 /* Build configuration list for PBXNativeTarget "FirebaseLoginUITests" */;
			buildPhases = (
				10234549234655C09A777F96 /* [CP] Check Pods Manifest.lock */,
				6B18F64223EBCE230059D721 /* Sources */,
				6B18F64323EBCE230059D721 /* Frameworks */,
				6B18F64423EBCE230059D721 /* Resources */,
			);
			buildRules = (
			);
			dependencies = (
				6B18F64823EBCE230059D721 /* PBXTargetDependency */,
			);
			name = FirebaseLoginUITests;
			productName = FirebaseLoginUITests;
			productReference = 6B18F64623EBCE230059D721 /* FirebaseLoginUITests.xctest */;
			productType = "com.apple.product-type.bundle.ui-testing";
		};
/* End PBXNativeTarget section */

/* Begin PBXProject section */
		6B18F61D23EBCE210059D721 /* Project object */ = {
			isa = PBXProject;
			attributes = {
				LastSwiftUpdateCheck = 1130;
				LastUpgradeCheck = 1130;
				ORGANIZATIONNAME = ODDS;
				TargetAttributes = {
					6B18F62423EBCE210059D721 = {
						CreatedOnToolsVersion = 11.3.1;
					};
					6B18F63A23EBCE230059D721 = {
						CreatedOnToolsVersion = 11.3.1;
						TestTargetID = 6B18F62423EBCE210059D721;
					};
					6B18F64523EBCE230059D721 = {
						CreatedOnToolsVersion = 11.3.1;
						TestTargetID = 6B18F62423EBCE210059D721;
					};
				};
			};
			buildConfigurationList = 6B18F62023EBCE210059D721 /* Build configuration list for PBXProject "FirebaseLogin" */;
			compatibilityVersion = "Xcode 9.3";
			developmentRegion = en;
			hasScannedForEncodings = 0;
			knownRegions = (
				en,
				Base,
			);
			mainGroup = 6B18F61C23EBCE210059D721;
			productRefGroup = 6B18F62623EBCE210059D721 /* Products */;
			projectDirPath = "";
			projectRoot = "";
			targets = (
				6B18F62423EBCE210059D721 /* FirebaseLogin */,
				6B18F63A23EBCE230059D721 /* FirebaseLoginTests */,
				6B18F64523EBCE230059D721 /* FirebaseLoginUITests */,
			);
		};
/* End PBXProject section */

/* Begin PBXResourcesBuildPhase section */
		6B18F62323EBCE210059D721 /* Resources */ = {
			isa = PBXResourcesBuildPhase;
			buildActionMask = 2147483647;
			files = (
				6B18F63523EBCE230059D721 /* LaunchScreen.storyboard in Resources */,
				6B18F66223EBE85A0059D721 /* GoogleService-Info.plist in Resources */,
				6B18F63223EBCE230059D721 /* Assets.xcassets in Resources */,
				6B18F63023EBCE210059D721 /* Main.storyboard in Resources */,
			);
			runOnlyForDeploymentPostprocessing = 0;
		};
		6B18F63923EBCE230059D721 /* Resources */ = {
			isa = PBXResourcesBuildPhase;
			buildActionMask = 2147483647;
			files = (
			);
			runOnlyForDeploymentPostprocessing = 0;
		};
		6B18F64423EBCE230059D721 /* Resources */ = {
			isa = PBXResourcesBuildPhase;
			buildActionMask = 2147483647;
			files = (
			);
			runOnlyForDeploymentPostprocessing = 0;
		};
/* End PBXResourcesBuildPhase section */

/* Begin PBXShellScriptBuildPhase section */
		10234549234655C09A777F96 /* [CP] Check Pods Manifest.lock */ = {
			isa = PBXShellScriptBuildPhase;
			buildActionMask = 2147483647;
			files = (
			);
			inputFileListPaths = (
			);
			inputPaths = (
				"${PODS_PODFILE_DIR_PATH}/Podfile.lock",
				"${PODS_ROOT}/Manifest.lock",
			);
			name = "[CP] Check Pods Manifest.lock";
			outputFileListPaths = (
			);
			outputPaths = (
				"$(DERIVED_FILE_DIR)/Pods-FirebaseLogin-FirebaseLoginUITests-checkManifestLockResult.txt",
			);
			runOnlyForDeploymentPostprocessing = 0;
			shellPath = /bin/sh;
			shellScript = "diff \"${PODS_PODFILE_DIR_PATH}/Podfile.lock\" \"${PODS_ROOT}/Manifest.lock\" > /dev/null\nif [ $? != 0 ] ; then\n    # print error to STDERR\n    echo \"error: The sandbox is not in sync with the Podfile.lock. Run 'pod install' or update your CocoaPods installation.\" >&2\n    exit 1\nfi\n# This output is used by Xcode 'outputs' to avoid re-running this script phase.\necho \"SUCCESS\" > \"${SCRIPT_OUTPUT_FILE_0}\"\n";
			showEnvVarsInLog = 0;
		};
		1200C86FEE273EE6E353F62A /* [CP] Check Pods Manifest.lock */ = {
			isa = PBXShellScriptBuildPhase;
			buildActionMask = 2147483647;
			files = (
			);
			inputFileListPaths = (
			);
			inputPaths = (
				"${PODS_PODFILE_DIR_PATH}/Podfile.lock",
				"${PODS_ROOT}/Manifest.lock",
			);
			name = "[CP] Check Pods Manifest.lock";
			outputFileListPaths = (
			);
			outputPaths = (
				"$(DERIVED_FILE_DIR)/Pods-FirebaseLogin-checkManifestLockResult.txt",
			);
			runOnlyForDeploymentPostprocessing = 0;
			shellPath = /bin/sh;
			shellScript = "diff \"${PODS_PODFILE_DIR_PATH}/Podfile.lock\" \"${PODS_ROOT}/Manifest.lock\" > /dev/null\nif [ $? != 0 ] ; then\n    # print error to STDERR\n    echo \"error: The sandbox is not in sync with the Podfile.lock. Run 'pod install' or update your CocoaPods installation.\" >&2\n    exit 1\nfi\n# This output is used by Xcode 'outputs' to avoid re-running this script phase.\necho \"SUCCESS\" > \"${SCRIPT_OUTPUT_FILE_0}\"\n";
			showEnvVarsInLog = 0;
		};
		CAF73A10E7E940E4B447C97A /* [CP] Check Pods Manifest.lock */ = {
			isa = PBXShellScriptBuildPhase;
			buildActionMask = 2147483647;
			files = (
			);
			inputFileListPaths = (
			);
			inputPaths = (
				"${PODS_PODFILE_DIR_PATH}/Podfile.lock",
				"${PODS_ROOT}/Manifest.lock",
			);
			name = "[CP] Check Pods Manifest.lock";
			outputFileListPaths = (
			);
			outputPaths = (
				"$(DERIVED_FILE_DIR)/Pods-FirebaseLoginTests-checkManifestLockResult.txt",
			);
			runOnlyForDeploymentPostprocessing = 0;
			shellPath = /bin/sh;
			shellScript = "diff \"${PODS_PODFILE_DIR_PATH}/Podfile.lock\" \"${PODS_ROOT}/Manifest.lock\" > /dev/null\nif [ $? != 0 ] ; then\n    # print error to STDERR\n    echo \"error: The sandbox is not in sync with the Podfile.lock. Run 'pod install' or update your CocoaPods installation.\" >&2\n    exit 1\nfi\n# This output is used by Xcode 'outputs' to avoid re-running this script phase.\necho \"SUCCESS\" > \"${SCRIPT_OUTPUT_FILE_0}\"\n";
			showEnvVarsInLog = 0;
		};
/* End PBXShellScriptBuildPhase section */

/* Begin PBXSourcesBuildPhase section */
		6B18F62123EBCE210059D721 /* Sources */ = {
			isa = PBXSourcesBuildPhase;
			buildActionMask = 2147483647;
			files = (
				6B18F65E23EBE58B0059D721 /* SignInViewController.swift in Sources */,
				6B18F62923EBCE210059D721 /* AppDelegate.swift in Sources */,
				6B18F65C23EBCF0C0059D721 /* SignOutViewController.swift in Sources */,
				6B18F62B23EBCE210059D721 /* SceneDelegate.swift in Sources */,
				6B06F77023EBFB4500F5B17E /* AlertController.swift in Sources */,
				6B18F66023EBE5AC0059D721 /* SignUpViewController.swift in Sources */,
			);
			runOnlyForDeploymentPostprocessing = 0;
		};
		6B18F63723EBCE230059D721 /* Sources */ = {
			isa = PBXSourcesBuildPhase;
			buildActionMask = 2147483647;
			files = (
				6B18F64023EBCE230059D721 /* FirebaseLoginTests.swift in Sources */,
			);
			runOnlyForDeploymentPostprocessing = 0;
		};
		6B18F64223EBCE230059D721 /* Sources */ = {
			isa = PBXSourcesBuildPhase;
			buildActionMask = 2147483647;
			files = (
				6B18F64B23EBCE230059D721 /* FirebaseLoginUITests.swift in Sources */,
			);
			runOnlyForDeploymentPostprocessing = 0;
		};
/* End PBXSourcesBuildPhase section */

/* Begin PBXTargetDependency section */
		6B18F63D23EBCE230059D721 /* PBXTargetDependency */ = {
			isa = PBXTargetDependency;
			target = 6B18F62423EBCE210059D721 /* FirebaseLogin */;
			targetProxy = 6B18F63C23EBCE230059D721 /* PBXContainerItemProxy */;
		};
		6B18F64823EBCE230059D721 /* PBXTargetDependency */ = {
			isa = PBXTargetDependency;
			target = 6B18F62423EBCE210059D721 /* FirebaseLogin */;
			targetProxy = 6B18F64723EBCE230059D721 /* PBXContainerItemProxy */;
		};
/* End PBXTargetDependency section */

/* Begin PBXVariantGroup section */
		6B18F62E23EBCE210059D721 /* Main.storyboard */ = {
			isa = PBXVariantGroup;
			children = (
				6B18F62F23EBCE210059D721 /* Base */,
			);
			name = Main.storyboard;
			sourceTree = "<group>";
		};
		6B18F63323EBCE230059D721 /* LaunchScreen.storyboard */ = {
			isa = PBXVariantGroup;
			children = (
				6B18F63423EBCE230059D721 /* Base */,
			);
			name = LaunchScreen.storyboard;
			sourceTree = "<group>";
		};
/* End PBXVariantGroup section */

/* Begin XCBuildConfiguration section */
		6B18F64D23EBCE230059D721 /* Debug */ = {
			isa = XCBuildConfiguration;
			buildSettings = {
				ALWAYS_SEARCH_USER_PATHS = NO;
				CLANG_ANALYZER_NONNULL = YES;
				CLANG_ANALYZER_NUMBER_OBJECT_CONVERSION = YES_AGGRESSIVE;
				CLANG_CXX_LANGUAGE_STANDARD = "gnu++14";
				CLANG_CXX_LIBRARY = "libc++";
				CLANG_ENABLE_MODULES = YES;
				CLANG_ENABLE_OBJC_ARC = YES;
				CLANG_ENABLE_OBJC_WEAK = YES;
				CLANG_WARN_BLOCK_CAPTURE_AUTORELEASING = YES;
				CLANG_WARN_BOOL_CONVERSION = YES;
				CLANG_WARN_COMMA = YES;
				CLANG_WARN_CONSTANT_CONVERSION = YES;
				CLANG_WARN_DEPRECATED_OBJC_IMPLEMENTATIONS = YES;
				CLANG_WARN_DIRECT_OBJC_ISA_USAGE = YES_ERROR;
				CLANG_WARN_DOCUMENTATION_COMMENTS = YES;
				CLANG_WARN_EMPTY_BODY = YES;
				CLANG_WARN_ENUM_CONVERSION = YES;
				CLANG_WARN_INFINITE_RECURSION = YES;
				CLANG_WARN_INT_CONVERSION = YES;
				CLANG_WARN_NON_LITERAL_NULL_CONVERSION = YES;
				CLANG_WARN_OBJC_IMPLICIT_RETAIN_SELF = YES;
				CLANG_WARN_OBJC_LITERAL_CONVERSION = YES;
				CLANG_WARN_OBJC_ROOT_CLASS = YES_ERROR;
				CLANG_WARN_RANGE_LOOP_ANALYSIS = YES;
				CLANG_WARN_STRICT_PROTOTYPES = YES;
				CLANG_WARN_SUSPICIOUS_MOVE = YES;
				CLANG_WARN_UNGUARDED_AVAILABILITY = YES_AGGRESSIVE;
				CLANG_WARN_UNREACHABLE_CODE = YES;
				CLANG_WARN__DUPLICATE_METHOD_MATCH = YES;
				COPY_PHASE_STRIP = NO;
				DEBUG_INFORMATION_FORMAT = dwarf;
				ENABLE_STRICT_OBJC_MSGSEND = YES;
				ENABLE_TESTABILITY = YES;
				GCC_C_LANGUAGE_STANDARD = gnu11;
				GCC_DYNAMIC_NO_PIC = NO;
				GCC_NO_COMMON_BLOCKS = YES;
				GCC_OPTIMIZATION_LEVEL = 0;
				GCC_PREPROCESSOR_DEFINITIONS = (
					"DEBUG=1",
					"$(inherited)",
				);
				GCC_WARN_64_TO_32_BIT_CONVERSION = YES;
				GCC_WARN_ABOUT_RETURN_TYPE = YES_ERROR;
				GCC_WARN_UNDECLARED_SELECTOR = YES;
				GCC_WARN_UNINITIALIZED_AUTOS = YES_AGGRESSIVE;
				GCC_WARN_UNUSED_FUNCTION = YES;
				GCC_WARN_UNUSED_VARIABLE = YES;
				IPHONEOS_DEPLOYMENT_TARGET = 13.2;
				MTL_ENABLE_DEBUG_INFO = INCLUDE_SOURCE;
				MTL_FAST_MATH = YES;
				ONLY_ACTIVE_ARCH = YES;
				SDKROOT = iphoneos;
				SWIFT_ACTIVE_COMPILATION_CONDITIONS = DEBUG;
				SWIFT_OPTIMIZATION_LEVEL = "-Onone";
			};
			name = Debug;
		};
		6B18F64E23EBCE230059D721 /* Release */ = {
			isa = XCBuildConfiguration;
			buildSettings = {
				ALWAYS_SEARCH_USER_PATHS = NO;
				CLANG_ANALYZER_NONNULL = YES;
				CLANG_ANALYZER_NUMBER_OBJECT_CONVERSION = YES_AGGRESSIVE;
				CLANG_CXX_LANGUAGE_STANDARD = "gnu++14";
				CLANG_CXX_LIBRARY = "libc++";
				CLANG_ENABLE_MODULES = YES;
				CLANG_ENABLE_OBJC_ARC = YES;
				CLANG_ENABLE_OBJC_WEAK = YES;
				CLANG_WARN_BLOCK_CAPTURE_AUTORELEASING = YES;
				CLANG_WARN_BOOL_CONVERSION = YES;
				CLANG_WARN_COMMA = YES;
				CLANG_WARN_CONSTANT_CONVERSION = YES;
				CLANG_WARN_DEPRECATED_OBJC_IMPLEMENTATIONS = YES;
				CLANG_WARN_DIRECT_OBJC_ISA_USAGE = YES_ERROR;
				CLANG_WARN_DOCUMENTATION_COMMENTS = YES;
				CLANG_WARN_EMPTY_BODY = YES;
				CLANG_WARN_ENUM_CONVERSION = YES;
				CLANG_WARN_INFINITE_RECURSION = YES;
				CLANG_WARN_INT_CONVERSION = YES;
				CLANG_WARN_NON_LITERAL_NULL_CONVERSION = YES;
				CLANG_WARN_OBJC_IMPLICIT_RETAIN_SELF = YES;
				CLANG_WARN_OBJC_LITERAL_CONVERSION = YES;
				CLANG_WARN_OBJC_ROOT_CLASS = YES_ERROR;
				CLANG_WARN_RANGE_LOOP_ANALYSIS = YES;
				CLANG_WARN_STRICT_PROTOTYPES = YES;
				CLANG_WARN_SUSPICIOUS_MOVE = YES;
				CLANG_WARN_UNGUARDED_AVAILABILITY = YES_AGGRESSIVE;
				CLANG_WARN_UNREACHABLE_CODE = YES;
				CLANG_WARN__DUPLICATE_METHOD_MATCH = YES;
				COPY_PHASE_STRIP = NO;
				DEBUG_INFORMATION_FORMAT = "dwarf-with-dsym";
				ENABLE_NS_ASSERTIONS = NO;
				ENABLE_STRICT_OBJC_MSGSEND = YES;
				GCC_C_LANGUAGE_STANDARD = gnu11;
				GCC_NO_COMMON_BLOCKS = YES;
				GCC_WARN_64_TO_32_BIT_CONVERSION = YES;
				GCC_WARN_ABOUT_RETURN_TYPE = YES_ERROR;
				GCC_WARN_UNDECLARED_SELECTOR = YES;
				GCC_WARN_UNINITIALIZED_AUTOS = YES_AGGRESSIVE;
				GCC_WARN_UNUSED_FUNCTION = YES;
				GCC_WARN_UNUSED_VARIABLE = YES;
				IPHONEOS_DEPLOYMENT_TARGET = 13.2;
				MTL_ENABLE_DEBUG_INFO = NO;
				MTL_FAST_MATH = YES;
				SDKROOT = iphoneos;
				SWIFT_COMPILATION_MODE = wholemodule;
				SWIFT_OPTIMIZATION_LEVEL = "-O";
				VALIDATE_PRODUCT = YES;
			};
			name = Release;
		};
		6B18F65023EBCE230059D721 /* Debug */ = {
			isa = XCBuildConfiguration;
			baseConfigurationReference = 28B151F65C42AADDCAC1ECF7 /* Pods-FirebaseLogin.debug.xcconfig */;
			buildSettings = {
				ASSETCATALOG_COMPILER_APPICON_NAME = AppIcon;
				CODE_SIGN_STYLE = Automatic;
				INFOPLIST_FILE = FirebaseLogin/Info.plist;
				LD_RUNPATH_SEARCH_PATHS = (
					"$(inherited)",
					"@executable_path/Frameworks",
				);
				PRODUCT_BUNDLE_IDENTIFIER = com.Aphirat.FirebaseLogin;
				PRODUCT_NAME = "$(TARGET_NAME)";
				SWIFT_VERSION = 5.0;
				TARGETED_DEVICE_FAMILY = "1,2";
			};
			name = Debug;
		};
		6B18F65123EBCE230059D721 /* Release */ = {
			isa = XCBuildConfiguration;
			baseConfigurationReference = 352F41488C28FFF32EDC391C /* Pods-FirebaseLogin.release.xcconfig */;
			buildSettings = {
				ASSETCATALOG_COMPILER_APPICON_NAME = AppIcon;
				CODE_SIGN_STYLE = Automatic;
				INFOPLIST_FILE = FirebaseLogin/Info.plist;
				LD_RUNPATH_SEARCH_PATHS = (
					"$(inherited)",
					"@executable_path/Frameworks",
				);
				PRODUCT_BUNDLE_IDENTIFIER = com.Aphirat.FirebaseLogin;
				PRODUCT_NAME = "$(TARGET_NAME)";
				SWIFT_VERSION = 5.0;
				TARGETED_DEVICE_FAMILY = "1,2";
			};
			name = Release;
		};
		6B18F65323EBCE230059D721 /* Debug */ = {
			isa = XCBuildConfiguration;
			baseConfigurationReference = AA0117F262DC2BFAABE22806 /* Pods-FirebaseLoginTests.debug.xcconfig */;
			buildSettings = {
				ALWAYS_EMBED_SWIFT_STANDARD_LIBRARIES = YES;
				BUNDLE_LOADER = "$(TEST_HOST)";
				CODE_SIGN_STYLE = Automatic;
				INFOPLIST_FILE = FirebaseLoginTests/Info.plist;
				IPHONEOS_DEPLOYMENT_TARGET = 13.2;
				LD_RUNPATH_SEARCH_PATHS = (
					"$(inherited)",
					"@executable_path/Frameworks",
					"@loader_path/Frameworks",
				);
				PRODUCT_BUNDLE_IDENTIFIER = com.Aphirat.FirebaseLoginTests;
				PRODUCT_NAME = "$(TARGET_NAME)";
				SWIFT_VERSION = 5.0;
				TARGETED_DEVICE_FAMILY = "1,2";
				TEST_HOST = "$(BUILT_PRODUCTS_DIR)/FirebaseLogin.app/FirebaseLogin";
			};
			name = Debug;
		};
		6B18F65423EBCE230059D721 /* Release */ = {
			isa = XCBuildConfiguration;
			baseConfigurationReference = 4CFF8ED070D29D2BEAF8940D /* Pods-FirebaseLoginTests.release.xcconfig */;
			buildSettings = {
				ALWAYS_EMBED_SWIFT_STANDARD_LIBRARIES = YES;
				BUNDLE_LOADER = "$(TEST_HOST)";
				CODE_SIGN_STYLE = Automatic;
				INFOPLIST_FILE = FirebaseLoginTests/Info.plist;
				IPHONEOS_DEPLOYMENT_TARGET = 13.2;
				LD_RUNPATH_SEARCH_PATHS = (
					"$(inherited)",
					"@executable_path/Frameworks",
					"@loader_path/Frameworks",
				);
				PRODUCT_BUNDLE_IDENTIFIER = com.Aphirat.FirebaseLoginTests;
				PRODUCT_NAME = "$(TARGET_NAME)";
				SWIFT_VERSION = 5.0;
				TARGETED_DEVICE_FAMILY = "1,2";
				TEST_HOST = "$(BUILT_PRODUCTS_DIR)/FirebaseLogin.app/FirebaseLogin";
			};
			name = Release;
		};
		6B18F65623EBCE230059D721 /* Debug */ = {
			isa = XCBuildConfiguration;
			baseConfigurationReference = 3E6E95429C719E820B03CFF2 /* Pods-FirebaseLogin-FirebaseLoginUITests.debug.xcconfig */;
			buildSettings = {
				ALWAYS_EMBED_SWIFT_STANDARD_LIBRARIES = YES;
				CODE_SIGN_STYLE = Automatic;
				INFOPLIST_FILE = FirebaseLoginUITests/Info.plist;
				LD_RUNPATH_SEARCH_PATHS = (
					"$(inherited)",
					"@executable_path/Frameworks",
					"@loader_path/Frameworks",
				);
				PRODUCT_BUNDLE_IDENTIFIER = com.Aphirat.FirebaseLoginUITests;
				PRODUCT_NAME = "$(TARGET_NAME)";
				SWIFT_VERSION = 5.0;
				TARGETED_DEVICE_FAMILY = "1,2";
				TEST_TARGET_NAME = FirebaseLogin;
			};
			name = Debug;
		};
		6B18F65723EBCE230059D721 /* Release */ = {
			isa = XCBuildConfiguration;
			baseConfigurationReference = 3227F994D1741140DE62898D /* Pods-FirebaseLogin-FirebaseLoginUITests.release.xcconfig */;
			buildSettings = {
				ALWAYS_EMBED_SWIFT_STANDARD_LIBRARIES = YES;
				CODE_SIGN_STYLE = Automatic;
				INFOPLIST_FILE = FirebaseLoginUITests/Info.plist;
				LD_RUNPATH_SEARCH_PATHS = (
					"$(inherited)",
					"@executable_path/Frameworks",
					"@loader_path/Frameworks",
				);
				PRODUCT_BUNDLE_IDENTIFIER = com.Aphirat.FirebaseLoginUITests;
				PRODUCT_NAME = "$(TARGET_NAME)";
				SWIFT_VERSION = 5.0;
				TARGETED_DEVICE_FAMILY = "1,2";
				TEST_TARGET_NAME = FirebaseLogin;
			};
			name = Release;
		};
/* End XCBuildConfiguration section */

/* Begin XCConfigurationList section */
		6B18F62023EBCE210059D721 /* Build configuration list for PBXProject "FirebaseLogin" */ = {
			isa = XCConfigurationList;
			buildConfigurations = (
				6B18F64D23EBCE230059D721 /* Debug */,
				6B18F64E23EBCE230059D721 /* Release */,
			);
			defaultConfigurationIsVisible = 0;
			defaultConfigurationName = Release;
		};
		6B18F64F23EBCE230059D721 /* Build configuration list for PBXNativeTarget "FirebaseLogin" */ = {
			isa = XCConfigurationList;
			buildConfigurations = (
				6B18F65023EBCE230059D721 /* Debug */,
				6B18F65123EBCE230059D721 /* Release */,
			);
			defaultConfigurationIsVisible = 0;
			defaultConfigurationName = Release;
		};
		6B18F65223EBCE230059D721 /* Build configuration list for PBXNativeTarget "FirebaseLoginTests" */ = {
			isa = XCConfigurationList;
			buildConfigurations = (
				6B18F65323EBCE230059D721 /* Debug */,
				6B18F65423EBCE230059D721 /* Release */,
			);
			defaultConfigurationIsVisible = 0;
			defaultConfigurationName = Release;
		};
		6B18F65523EBCE230059D721 /* Build configuration list for PBXNativeTarget "FirebaseLoginUITests" */ = {
			isa = XCConfigurationList;
			buildConfigurations = (
				6B18F65623EBCE230059D721 /* Debug */,
				6B18F65723EBCE230059D721 /* Release */,
			);
			defaultConfigurationIsVisible = 0;
			defaultConfigurationName = Release;
		};
/* End XCConfigurationList section */
	};
	rootObject = 6B18F61D23EBCE210059D721 /* Project object */;
}
